{
  "name": "magic-cube",
  "version": "1.0.0",
  "lockfileVersion": 1,
  "requires": true,
  "dependencies": {
    "three": {
      "version": "0.101.1",
      "resolved": "https://registry.npmjs.org/three/-/three-0.101.1.tgz",
      "integrity": "sha512-8ufimUVmRLtH+BTpEIbDjdGEKQOVWLMLgGynaKin1KbYTE136ZNOepJ8EgByi0tN43dQ7B1YrKLCJgXGy4bLmw=="
    },
    "three.interaction": {
      "version": "0.2.2",
      "resolved": "https://registry.npmjs.org/three.interaction/-/three.interaction-0.2.2.tgz",
      "integrity": "sha512-yWQ5L0SUl+TzxVGFRNZAf4hpRF84zYZVpcyGstzhO0vbRdUDobPiPV6QmUh0JZVS5gEUguAd09ONyNJEczMOyA=="
    }
  }
}
